<Solution>
  <Folder Name="/src/">
    <Project Path="src/mblue.comm/mblue.comm.csproj" />
    <Project Path="src/mblue.comm.Interface/mblue.comm.Interface.csproj" />
  </Folder>
  <Project Path="../mblue-common/src/mblue.common.csproj" />
  <Project Path="../mblue-comm-os/src/mblue.comm.os.csproj" />
</Solution>
